
Microsoft Visual Studio Solution File, Format Version 12.00
# Visual Studio Version 17
VisualStudioVersion = 17.7.34024.191
MinimumVisualStudioVersion = 10.0.40219.1
Project("{FAE04EC0-301F-11D3-BF4B-00C04F79EFBC}") = "HotelRoomManagement", "HotelRoomManagement\HotelRoomManagement.csproj", "{B89FFBCD-2B8A-46CB-B311-5B9839DB6953}"
EndProject
Project("{FAE04EC0-301F-11D3-BF4B-00C04F79EFBC}") = "HotelRoomManagement.Domain", "HotelRoomManagement.Domain\HotelRoomManagement.Domain.csproj", "{7457941F-4A8F-4DD4-8E33-F9717425691C}"
EndProject
Project("{FAE04EC0-301F-11D3-BF4B-00C04F79EFBC}") = "HotelRoomManagement.Infrastructure", "HotelRoomManagement.Infrastructure\HotelRoomManagement.Infrastructure.csproj", "{332EF53B-7107-4B4D-8441-C3CB12375B34}"
EndProject
Project("{FAE04EC0-301F-11D3-BF4B-00C04F79EFBC}") = "HotelRoomManagement.Application", "HotelRoomManagement.Application\HotelRoomManagement.Application.csproj", "{DE34A18E-1E58-4EA2-8D16-2131657876C3}"
EndProject
Project("{FAE04EC0-301F-11D3-BF4B-00C04F79EFBC}") = "HotelRoomManagement.Tests", "HotelRoomManagement.Tests\HotelRoomManagement.Tests.csproj", "{43004CAA-5F7A-42DA-83D5-C46D409F6378}"
EndProject
Global
	GlobalSection(SolutionConfigurationPlatforms) = preSolution
		Debug|Any CPU = Debug|Any CPU
		Release|Any CPU = Release|Any CPU
	EndGlobalSection
	GlobalSection(ProjectConfigurationPlatforms) = postSolution
		{B89FFBCD-2B8A-46CB-B311-5B9839DB6953}.Debug|Any CPU.ActiveCfg = Debug|Any CPU
		{B89FFBCD-2B8A-46CB-B311-5B9839DB6953}.Debug|Any CPU.Build.0 = Debug|Any CPU
		{B89FFBCD-2B8A-46CB-B311-5B9839DB6953}.Release|Any CPU.ActiveCfg = Release|Any CPU
		{B89FFBCD-2B8A-46CB-B311-5B9839DB6953}.Release|Any CPU.Build.0 = Release|Any CPU
		{7457941F-4A8F-4DD4-8E33-F9717425691C}.Debug|Any CPU.ActiveCfg = Debug|Any CPU
		{7457941F-4A8F-4DD4-8E33-F9717425691C}.Debug|Any CPU.Build.0 = Debug|Any CPU
		{7457941F-4A8F-4DD4-8E33-F9717425691C}.Release|Any CPU.ActiveCfg = Release|Any CPU
		{7457941F-4A8F-4DD4-8E33-F9717425691C}.Release|Any CPU.Build.0 = Release|Any CPU
		{332EF53B-7107-4B4D-8441-C3CB12375B34}.Debug|Any CPU.ActiveCfg = Debug|Any CPU
		{332EF53B-7107-4B4D-8441-C3CB12375B34}.Debug|Any CPU.Build.0 = Debug|Any CPU
		{332EF53B-7107-4B4D-8441-C3CB12375B34}.Release|Any CPU.ActiveCfg = Release|Any CPU
		{332EF53B-7107-4B4D-8441-C3CB12375B34}.Release|Any CPU.Build.0 = Release|Any CPU
		{DE34A18E-1E58-4EA2-8D16-2131657876C3}.Debug|Any CPU.ActiveCfg = Debug|Any CPU
		{DE34A18E-1E58-4EA2-8D16-2131657876C3}.Debug|Any CPU.Build.0 = Debug|Any CPU
		{DE34A18E-1E58-4EA2-8D16-2131657876C3}.Release|Any CPU.ActiveCfg = Release|Any CPU
		{DE34A18E-1E58-4EA2-8D16-2131657876C3}.Release|Any CPU.Build.0 = Release|Any CPU
		{43004CAA-5F7A-42DA-83D5-C46D409F6378}.Debug|Any CPU.ActiveCfg = Debug|Any CPU
		{43004CAA-5F7A-42DA-83D5-C46D409F6378}.Debug|Any CPU.Build.0 = Debug|Any CPU
		{43004CAA-5F7A-42DA-83D5-C46D409F6378}.Release|Any CPU.ActiveCfg = Release|Any CPU
		{43004CAA-5F7A-42DA-83D5-C46D409F6378}.Release|Any CPU.Build.0 = Release|Any CPU
	EndGlobalSection
	GlobalSection(SolutionProperties) = preSolution
		HideSolutionNode = FALSE
	EndGlobalSection
	GlobalSection(ExtensibilityGlobals) = postSolution
		SolutionGuid = {4B8DDED5-7E67-4963-BE3A-C863F10E31B2}
	EndGlobalSection
EndGlobal
